
Microsoft Visual Studio Solution File, Format Version 12.00
# Visual Studio Version 16
VisualStudioVersion = 16.0.31321.278
MinimumVisualStudioVersion = 10.0.40219.1
Project("{FAE04EC0-301F-11D3-BF4B-00C04F79EFBC}") = "MvcCoreMultiplesBBDD", "MvcCoreMultiplesBBDD\MvcCoreMultiplesBBDD.csproj", "{5844E334-EBB2-4005-814D-4F52E1BA2B8F}"
EndProject
Global
	GlobalSection(SolutionConfigurationPlatforms) = preSolution
		Debug|Any CPU = Debug|Any CPU
		Release|Any CPU = Release|Any CPU
	EndGlobalSection
	GlobalSection(ProjectConfigurationPlatforms) = postSolution
		{5844E334-EBB2-4005-814D-4F52E1BA2B8F}.Debug|Any CPU.ActiveCfg = Debug|Any CPU
		{5844E334-EBB2-4005-814D-4F52E1BA2B8F}.Debug|Any CPU.Build.0 = Debug|Any CPU
		{5844E334-EBB2-4005-814D-4F52E1BA2B8F}.Release|Any CPU.ActiveCfg = Release|Any CPU
		{5844E334-EBB2-4005-814D-4F52E1BA2B8F}.Release|Any CPU.Build.0 = Release|Any CPU
	EndGlobalSection
	GlobalSection(SolutionProperties) = preSolution
		HideSolutionNode = FALSE
	EndGlobalSection
	GlobalSection(ExtensibilityGlobals) = postSolution
		SolutionGuid = {5821622B-C527-46AB-903E-867F6EA10666}
	EndGlobalSection
EndGlobal
